# THIS IS AN AUTOGENERATED FILE. DO NOT EDIT THIS FILE DIRECTLY.
# yarn lockfile v1


artnet@1.4.0:
  version "1.4.0"
  resolved "https://registry.yarnpkg.com/artnet/-/artnet-1.4.0.tgz#8f00d8965acdc330486ce39fcc123c79e2ff7c45"
  integrity sha1-jwDYllrNwzBIbOOfzBI8eeL/fEU=

broadcast-address@^1.0.2:
  version "1.0.2"
  resolved "https://registry.yarnpkg.com/broadcast-address/-/broadcast-address-1.0.2.tgz#a8c6a70561140a51433a3a6549698215e0777e38"
  integrity sha512-G9bslPECDbowXbH8+08zqBha14LtRofoTT6DUQxePXyv3AaU0It+vkhPq+tENJB0MNrC5fxPqpM7Fqk+vME/hA==
  dependencies:
    has-deep-value "1.1.0"

has-deep-value@1.1.0:
  version "1.1.0"
  resolved "https://registry.yarnpkg.com/has-deep-value/-/has-deep-value-1.1.0.tgz#1982cdacbba4d345985ab00c5b23171626700129"
  integrity sha512-vK01gd6Pkq/9aOZucinrI03+jt85gzkdEd3DHlOWcV25xEo222BkR5utJcbqJizJaLXVqUP42brXp98pm6jFNQ==
